# THIS IS AN AUTOGENERATED FILE. DO NOT EDIT THIS FILE DIRECTLY.
# yarn lockfile v1


"@babel/runtime@^7.16.7":
  version "7.20.7"
  resolved "https://registry.yarnpkg.com/@babel/runtime/-/runtime-7.20.7.tgz#fcb41a5a70550e04a7b708037c7c32f7f356d8fd"
  integrity sha512-UF0tvkUtxwAgZ5W/KrkHf0Rn0fdnLDU9ScxBrEVNUprE/MzirjK4MJUX1/BVDv00Sv8cljtukVK1aky++X1SjQ==
  dependencies:
    regenerator-runtime "^0.13.11"

"@chevrotain/cst-dts-gen@10.4.2":
  version "10.4.2"
  resolved "https://registry.yarnpkg.com/@chevrotain/cst-dts-gen/-/cst-dts-gen-10.4.2.tgz#a3426dba2c48cf6c90e49a0676aea750e8f43e88"
  integrity sha512-0+4bNjlndNWMoVLH/+y4uHnf6GrTipsC+YTppJxelVJo+xeRVQ0s2PpkdDCVTsu7efyj+8r1gFiwVXsp6JZ0iQ==
  dependencies:
    "@chevrotain/gast" "10.4.2"
    "@chevrotain/types" "10.4.2"
    lodash "4.17.21"

"@chevrotain/gast@10.4.2":
  version "10.4.2"
  resolved "https://registry.yarnpkg.com/@chevrotain/gast/-/gast-10.4.2.tgz#236dc48e54cba16260c03bece25d5a3b6e2f5dab"
  integrity sha512-4ZAn8/mjkmYonilSJ60gGj1tAF0cVWYUMlIGA0e4ATAc3a648aCnvpBw7zlPHDQjFp50XC13iyWEgWAKiRKTOA==
  dependencies:
    "@chevrotain/types" "10.4.2"
    lodash "4.17.21"

"@chevrotain/types@10.4.2":
  version "10.4.2"
  resolved "https://registry.yarnpkg.com/@chevrotain/types/-/types-10.4.2.tgz#18be6b7a3226b121fccec08c2ba8433219a6813c"
  integrity sha512-QzSCjg6G4MvIoLeIgOiMR0IgzkGEQqrNJJIr3T5ETRa7l4Av4AMIiEctV99mvDr57iXwwk0/kr3RJxiU36Nevw==

"@chevrotain/utils@10.4.2":
  version "10.4.2"
  resolved "https://registry.yarnpkg.com/@chevrotain/utils/-/utils-10.4.2.tgz#87735732184cc5a2f8aad2f3454082294ef3c924"
  integrity sha512-V34dacxWLwKcvcy32dx96ADJVdB7kOJLm7LyBkBQw5u5HC9WdEFw2G17zml+U3ivavGTrGPJHl8o9/UJm0PlUw==

"@esbuild/android-arm64@0.16.15":
  version "0.16.15"
  resolved "https://registry.yarnpkg.com/@esbuild/android-arm64/-/android-arm64-0.16.15.tgz#d58b9efe279b553b377395318d21e360058b3622"
  integrity sha512-OdbkUv7468dSsgoFtHIwTaYAuI5lDEv/v+dlfGBUbVa2xSDIIuSOHXawynw5N9+5lygo/JdXa5/sgGjiEU18gQ==

"@esbuild/android-arm@0.16.15":
  version "0.16.15"
  resolved "https://registry.yarnpkg.com/@esbuild/android-arm/-/android-arm-0.16.15.tgz#6a8ad3016fd9c89bb419bd21605fba242c051809"
  integrity sha512-JsJtmadyWcR+DEtHLixM7bAQsfi1s0Xotv9kVOoXbCLyhKPOHvMEyh3kJBuTbCPSE4c2jQkQVmarwc9Mg9k3bA==

"@esbuild/android-x64@0.16.15":
  version "0.16.15"
  resolved "https://registry.yarnpkg.com/@esbuild/android-x64/-/android-x64-0.16.15.tgz#94b0589b6bec5eaf7e8ea2fe6368427899676f21"
  integrity sha512-dPUOBiNNWAm+/bxoA75o7R7qqqfcEzXaYlb5uJk2xGHmUMNKSAnDCtRYLgx9/wfE4sXyn8H948OrDyUAHhPOuA==

"@esbuild/darwin-arm64@0.16.15":
  version "0.16.15"
  resolved "https://registry.yarnpkg.com/@esbuild/darwin-arm64/-/darwin-arm64-0.16.15.tgz#525e5603a82837a1e7c8265d3b14433aa869e9b6"
  integrity sha512-AksarYV85Hxgwh5/zb6qGl4sYWxIXPQGBAZ+jUro1ZpINy3EWumK+/4DPOKUBPnsrOIvnNXy7Rq4mTeCsMQDNA==

"@esbuild/darwin-x64@0.16.15":
  version "0.16.15"
  resolved "https://registry.yarnpkg.com/@esbuild/darwin-x64/-/darwin-x64-0.16.15.tgz#38ec324a3653ade5acc5c190a7a27185caa6223e"
  integrity sha512-qqrKJxoohceZGGP+sZ5yXkzW9ZiyFZJ1gWSEfuYdOWzBSL18Uy3w7s/IvnDYHo++/cxwqM0ch3HQVReSZy7/4Q==

"@esbuild/freebsd-arm64@0.16.15":
  version "0.16.15"
  resolved "https://registry.yarnpkg.com/@esbuild/freebsd-arm64/-/freebsd-arm64-0.16.15.tgz#05c19bf6e4e56387f6a56bd6933839e889146726"
  integrity sha512-LBWaep6RvJm5KnsKkocdVEzuwnGMjz54fcRVZ9d3R7FSEWOtPBxMhuxeA1n98JVbCLMkTPFmKN6xSnfhnM9WXQ==

"@esbuild/freebsd-x64@0.16.15":
  version "0.16.15"
  resolved "https://registry.yarnpkg.com/@esbuild/freebsd-x64/-/freebsd-x64-0.16.15.tgz#68855666ecf1616e2a927154148d4409cd8bc55b"
  integrity sha512-LE8mKC6JPR04kPLRP9A6k7ZmG0k2aWF4ru79Sde6UeWCo7yDby5f48uJNFQ2pZqzUUkLrHL8xNdIHerJeZjHXg==

"@esbuild/linux-arm64@0.16.15":
  version "0.16.15"
  resolved "https://registry.yarnpkg.com/@esbuild/linux-arm64/-/linux-arm64-0.16.15.tgz#93e8630d19f3a25d31c6467e2b136438391a3ca9"
  integrity sha512-mRYpuQGbzY+XLczy3Sk7fMJ3DRKLGDIuvLKkkUkyecDGQMmil6K/xVKP9IpKO7JtNH477qAiMjjX7jfKae8t4g==

"@esbuild/linux-arm@0.16.15":
  version "0.16.15"
  resolved "https://registry.yarnpkg.com/@esbuild/linux-arm/-/linux-arm-0.16.15.tgz#9343c9d0e18d15ca5b4e293154e4beae2598b5db"
  integrity sha512-+1sGlqtMJTOnJUXwLUGnDhPaGRKqxT0UONtYacS+EjdDOrSgpQ/1gUXlnze45Z/BogwYaswQM19Gu1YD1T19/w==

"@esbuild/linux-ia32@0.16.15":
  version "0.16.15"
  resolved "https://registry.yarnpkg.com/@esbuild/linux-ia32/-/linux-ia32-0.16.15.tgz#2c63615bb87cb2d080f3dc7dd0e3174b9b977233"
  integrity sha512-puXVFvY4m8EB6/fzu3LdgjiNnEZ3gZMSR7NmKoQe51l3hyQalvTjab3Dt7aX4qGf+8Pj7dsCOBNzNzkSlr/4Aw==

"@esbuild/linux-loong64@0.16.15":
  version "0.16.15"
  resolved "https://registry.yarnpkg.com/@esbuild/linux-loong64/-/linux-loong64-0.16.15.tgz#85a245672709ce60895baf93b1ad3fb4b3cdab4f"
  integrity sha512-ATMGb3eg8T6ZTGZFldlGeFEcevBiVq6SBHvRAO04HMfUjZWneZ/U+JJb3YzlNZxuscJ4Tmzq+JrYxlk7ro4dRg==

"@esbuild/linux-mips64el@0.16.15":
  version "0.16.15"
  resolved "https://registry.yarnpkg.com/@esbuild/linux-mips64el/-/linux-mips64el-0.16.15.tgz#41e325ccd6432f952c674d763d9e5acc25a00267"
  integrity sha512-3SEA4L82OnoSATW+Ve8rPgLaKjC8WMt8fnx7De9kvi/NcVbkj8W+J7qnu/tK2P9pUPQP7Au/0sjPEqZtFeyKQQ==

"@esbuild/linux-ppc64@0.16.15":
  version "0.16.15"
  resolved "https://registry.yarnpkg.com/@esbuild/linux-ppc64/-/linux-ppc64-0.16.15.tgz#51c7ed8fec6f9860716cdb1bb86835bdb9206108"
  integrity sha512-8PgbeX+N6vmqeySzyxO0NyDOltCEW13OS5jUHTvCHmCgf4kNXZtAWJ+zEfJxjRGYhVezQ1FdIm7WfN1R27uOyg==

"@esbuild/linux-riscv64@0.16.15":
  version "0.16.15"
  resolved "https://registry.yarnpkg.com/@esbuild/linux-riscv64/-/linux-riscv64-0.16.15.tgz#44cb5ad5318d72f52378fa666b2010551c67f333"
  integrity sha512-U+coqH+89vbPVoU30no1Fllrn6gvEeO5tfEArBhjYZ+dQ3Gv7ciQXYf5nrT1QdlIFwEjH4Is1U1iiaGWW+tGpQ==

"@esbuild/linux-s390x@0.16.15":
  version "0.16.15"
  resolved "https://registry.yarnpkg.com/@esbuild/linux-s390x/-/linux-s390x-0.16.15.tgz#69572a26c2120ddd446d8207d30ae8f94a801a72"
  integrity sha512-M0nKLFMdyFGBoitxG42kq6Xap0CPeDC6gfF9lg7ZejzGF6kqYUGT+pQGl2QCQoxJBeat/LzTma1hG8C3dq2ocg==

"@esbuild/linux-x64@0.16.15":
  version "0.16.15"
  resolved "https://registry.yarnpkg.com/@esbuild/linux-x64/-/linux-x64-0.16.15.tgz#0a4cb4f62379f839ef2c79d94f13ca0b76469d8a"
  integrity sha512-t7/fOXBUKfigvhJLGKZ9TPHHgqNgpIpYaAbcXQk1X+fPeUG7x0tpAbXJ2wST9F/gJ02+CLETPMnhG7Tra2wqsQ==

"@esbuild/netbsd-x64@0.16.15":
  version "0.16.15"
  resolved "https://registry.yarnpkg.com/@esbuild/netbsd-x64/-/netbsd-x64-0.16.15.tgz#cba5674608c197bee9d25451ae458ab76a770a45"
  integrity sha512-0k0Nxi6DOJmTnLtKD/0rlyqOPpcqONXY53vpkoAsue8CfyhNPWtwzba1ICFNCfCY1dqL3Ho/xEzujJhmdXq1rg==

"@esbuild/openbsd-x64@0.16.15":
  version "0.16.15"
  resolved "https://registry.yarnpkg.com/@esbuild/openbsd-x64/-/openbsd-x64-0.16.15.tgz#4ea4394d5b9c67bac6dcd1e527b47c64990d7d92"
  integrity sha512-3SkckazfIbdSjsGpuIYT3d6n2Hx0tck3MS1yVsbahhWiLvdy4QozTpvlbjqO3GmvtvhxY4qdyhFOO2wiZKeTAQ==

"@esbuild/sunos-x64@0.16.15":
  version "0.16.15"
  resolved "https://registry.yarnpkg.com/@esbuild/sunos-x64/-/sunos-x64-0.16.15.tgz#91174f7058dfc6cfafdf2251330f6767506db7a7"
  integrity sha512-8PNvBC+O8X5EnyIGqE8St2bOjjrXMR17NOLenIrzolvwWnJXvwPo0tE/ahOeiAJmTOS/eAcN8b4LAZcn17Uj7w==

"@esbuild/win32-arm64@0.16.15":
  version "0.16.15"
  resolved "https://registry.yarnpkg.com/@esbuild/win32-arm64/-/win32-arm64-0.16.15.tgz#3fa7189ec92d1de87563ab9e73b3e0a4adbfd203"
  integrity sha512-YPaSgm/mm7kNcATB53OxVGVfn6rDNbImTn330ZlF3hKej1e9ktCaljGjn2vH08z2dlHEf3kdt57tNjE6zs8SzA==

"@esbuild/win32-ia32@0.16.15":
  version "0.16.15"
  resolved "https://registry.yarnpkg.com/@esbuild/win32-ia32/-/win32-ia32-0.16.15.tgz#a114e4878e74fa6b5453cb407be4f2a28b72809d"
  integrity sha512-0movUXbSNrTeNf5ZXT0avklEvlJD0hNGZsrrXHfsp9z4tK5xC+apCqmUEZeE9mqrb84Z8XbgGr/MS9LqafTP2A==

"@esbuild/win32-x64@0.16.15":
  version "0.16.15"
  resolved "https://registry.yarnpkg.com/@esbuild/win32-x64/-/win32-x64-0.16.15.tgz#e28277cdbc1c9cde2b982c814d05f44d4b1f0580"
  integrity sha512-27h5GCcbfomVAqAnMJWvR1LqEY0dFqIq4vTe5nY3becnZNu0SX8F0+gTk3JPvgWQHzaGc6VkPzlOiMkdSUunUA==

"@types/offscreencanvas@^2019.6.4":
  version "2019.7.0"
  resolved "https://registry.yarnpkg.com/@types/offscreencanvas/-/offscreencanvas-2019.7.0.tgz#e4a932069db47bb3eabeb0b305502d01586fa90d"
  integrity sha512-PGcyveRIpL1XIqK8eBsmRBt76eFgtzuPiSTyKHZxnGemp2yzGzWpjYKAfK3wIMiU7eH+851yEpiuP8JZerTmWg==

"@types/three@^0.148.0":
  version "0.148.0"
  resolved "https://registry.yarnpkg.com/@types/three/-/three-0.148.0.tgz#bf7f0f6f12a9b318eebb7dc3813ae69824e13ae6"
  integrity sha512-1GiErjt1pJMadO8EhaxNrtULzdn+f3BbM3YTukiiXBVeRvvx4CXc2rpYdEuEBU/ouCX7Rc95j1HoVG9kFQXQJw==
  dependencies:
    "@types/webxr" "*"

"@types/webxr@*":
  version "0.5.0"
  resolved "https://registry.yarnpkg.com/@types/webxr/-/webxr-0.5.0.tgz#aae1cef3210d88fd4204f8c33385a0bbc4da07c9"
  integrity sha512-IUMDPSXnYIbEO2IereEFcgcqfDREOgmbGqtrMpVPpACTU6pltYLwHgVkrnYv0XhWEcjio9sYEfIEzgn3c7nDqA==

"@webgpu/glslang@^0.0.15":
  version "0.0.15"
  resolved "https://registry.yarnpkg.com/@webgpu/glslang/-/glslang-0.0.15.tgz#f5ccaf6015241e6175f4b90906b053f88483d1f2"
  integrity sha512-niT+Prh3Aff8Uf1MVBVUsaNjFj9rJAKDXuoHIKiQbB+6IUP/3J3JIhBNyZ7lDhytvXxw6ppgnwKZdDJ08UMj4Q==

chevrotain@^10.1.2:
  version "10.4.2"
  resolved "https://registry.yarnpkg.com/chevrotain/-/chevrotain-10.4.2.tgz#9abeac6a60134931c0a0788b206400e5f7a3daba"
  integrity sha512-gzF5GxE0Ckti5kZVuKEZycLntB5X2aj9RVY0r4/220GwQjdnljU+/t3kP74/FMWC7IzCDDEjQ9wsFUf0WCdSHg==
  dependencies:
    "@chevrotain/cst-dts-gen" "10.4.2"
    "@chevrotain/gast" "10.4.2"
    "@chevrotain/types" "10.4.2"
    "@chevrotain/utils" "10.4.2"
    lodash "4.17.21"
    regexp-to-ast "0.5.0"

detect-gpu@^5.0.6:
  version "5.0.6"
  resolved "https://registry.yarnpkg.com/detect-gpu/-/detect-gpu-5.0.6.tgz#b714dff8aaeac2eb3174c98cb9ce3d5d6da7b249"
  integrity sha512-RQXwjkDdU576ZwCqgCKuxvp5Vl65/T1sKthpVZ4WEb2k7o6CCNykR2+VkRcUq1nUW3xw+AUXgSUuVndgccewSA==
  dependencies:
    webgl-constants "^1.1.1"

draco3d@^1.4.1:
  version "1.5.5"
  resolved "https://registry.yarnpkg.com/draco3d/-/draco3d-1.5.5.tgz#6bf4bbdd65950e6153e991cb0dcb8a10323f610e"
  integrity sha512-JVuNV0EJzD3LBYhGyIXJLeBID/EVtmFO1ZNhAYflTgiMiAJlbhXQmRRda/azjc8MRVMHh0gqGhiqHUo5dIXM8Q==

esbuild@^0.16.3:
  version "0.16.15"
  resolved "https://registry.yarnpkg.com/esbuild/-/esbuild-0.16.15.tgz#02663f41eac47433879f09894dbe97c2dc837ecf"
  integrity sha512-v+3ozjy9wyj8cOElzx3//Lsb4TCxPfZxRmdsfm0YaEkvZu7y6rKH7Zi1UpDx4JI7dSQui+U1Qxhfij9KBbHfrA==
  optionalDependencies:
    "@esbuild/android-arm" "0.16.15"
    "@esbuild/android-arm64" "0.16.15"
    "@esbuild/android-x64" "0.16.15"
    "@esbuild/darwin-arm64" "0.16.15"
    "@esbuild/darwin-x64" "0.16.15"
    "@esbuild/freebsd-arm64" "0.16.15"
    "@esbuild/freebsd-x64" "0.16.15"
    "@esbuild/linux-arm" "0.16.15"
    "@esbuild/linux-arm64" "0.16.15"
    "@esbuild/linux-ia32" "0.16.15"
    "@esbuild/linux-loong64" "0.16.15"
    "@esbuild/linux-mips64el" "0.16.15"
    "@esbuild/linux-ppc64" "0.16.15"
    "@esbuild/linux-riscv64" "0.16.15"
    "@esbuild/linux-s390x" "0.16.15"
    "@esbuild/linux-x64" "0.16.15"
    "@esbuild/netbsd-x64" "0.16.15"
    "@esbuild/openbsd-x64" "0.16.15"
    "@esbuild/sunos-x64" "0.16.15"
    "@esbuild/win32-arm64" "0.16.15"
    "@esbuild/win32-ia32" "0.16.15"
    "@esbuild/win32-x64" "0.16.15"

fflate@^0.6.9:
  version "0.6.10"
  resolved "https://registry.yarnpkg.com/fflate/-/fflate-0.6.10.tgz#5f40f9659205936a2d18abf88b2e7781662b6d43"
  integrity sha512-IQrh3lEPM93wVCEczc9SaAOvkmcoQn/G8Bo1e8ZPlY3X3bnAxWaBdvTdvM1hP62iZp0BXWDy4vTAy4fF0+Dlpg==

fsevents@~2.3.2:
  version "2.3.2"
  resolved "https://registry.yarnpkg.com/fsevents/-/fsevents-2.3.2.tgz#8a526f78b8fdf4623b709e0b975c52c24c02fd1a"
  integrity sha512-xiqMQR4xAeHTuB9uWm+fFRcIOgKBMiOBP+eXiyT7jsgVCq1bkVygt00oASowB7EdtpOHaaPgKt812P9ab+DDKA==

function-bind@^1.1.1:
  version "1.1.1"
  resolved "https://registry.yarnpkg.com/function-bind/-/function-bind-1.1.1.tgz#a56899d3ea3c9bab874bb9773b7c5ede92f4895d"
  integrity sha512-yIovAzMX49sF8Yl58fSCWJ5svSLuaibPxXQJFLmBObTuCr0Mf1KiPopGM9NiFjiYBCbfaa2Fh6breQ6ANVTI0A==

gsap@^3.11.4:
  version "3.11.4"
  resolved "https://registry.yarnpkg.com/gsap/-/gsap-3.11.4.tgz#e6d972d3509a7431b86d81d6fc3bbeb6862e5ff1"
  integrity sha512-McHhEguHyExMMnjqKA8G+7TvxmlKQGMbjgwAilnFe1e4id7V/tFveRQ2YMZhTYu0oxHGWvbPltdVYQOu3z1SCA==

has@^1.0.3:
  version "1.0.3"
  resolved "https://registry.yarnpkg.com/has/-/has-1.0.3.tgz#722d7cbfc1f6aa8241f16dd814e011e1f41e8796"
  integrity sha512-f2dvO0VU6Oej7RkWJGrehjbzMAjFp5/VKPp5tTpWIV4JHHZK1/BxbFRtf/siA2SWTe09caDmVtYYzWEIbBS4zw==
  dependencies:
    function-bind "^1.1.1"

is-core-module@^2.9.0:
  version "2.11.0"
  resolved "https://registry.yarnpkg.com/is-core-module/-/is-core-module-2.11.0.tgz#ad4cb3e3863e814523c96f3f58d26cc570ff0144"
  integrity sha512-RRjxlvLDkD1YJwDbroBHMb+cukurkDWNyHx7D3oNB5x9rb5ogcksMC5wHCadcXoo67gVr/+3GFySh3134zi6rw==
  dependencies:
    has "^1.0.3"

ktx-parse@^0.4.5:
  version "0.4.5"
  resolved "https://registry.yarnpkg.com/ktx-parse/-/ktx-parse-0.4.5.tgz#79905e22281a9d3e602b2ff522df1ee7d1813aa6"
  integrity sha512-MK3FOody4TXbFf8Yqv7EBbySw7aPvEcPX++Ipt6Sox+/YMFvR5xaTyhfNSk1AEmMy+RYIw81ctN4IMxCB8OAlg==

lodash@4.17.21:
  version "4.17.21"
  resolved "https://registry.yarnpkg.com/lodash/-/lodash-4.17.21.tgz#679591c564c3bffaae8454cf0b3df370c3d6911c"
  integrity sha512-v2kDEe57lecTulaDIuNTPy3Ry4gLGJ6Z1O3vE1krgXZNrsQ+LFTGHVxVjcXPs17LhbZVGedAJv8XZ1tvj5FvSg==

mmd-parser@^1.0.4:
  version "1.0.4"
  resolved "https://registry.yarnpkg.com/mmd-parser/-/mmd-parser-1.0.4.tgz#87cc05782cb5974ca854f0303fc5147bc9d690e7"
  integrity sha512-Qi0VCU46t2IwfGv5KF0+D/t9cizcDug7qnNoy9Ggk7aucp0tssV8IwTMkBlDbm+VqAf3cdQHTCARKSsuS2MYFg==

nanoid@^3.3.4:
  version "3.3.4"
  resolved "https://registry.yarnpkg.com/nanoid/-/nanoid-3.3.4.tgz#730b67e3cd09e2deacf03c027c81c9d9dbc5e8ab"
  integrity sha512-MqBkQh/OHTS2egovRtLk45wEyNXwF+cokD+1YPf9u5VfJiRdAiRwB2froX5Co9Rh20xs4siNPm8naNotSD6RBw==

opentype.js@^1.3.3:
  version "1.3.4"
  resolved "https://registry.yarnpkg.com/opentype.js/-/opentype.js-1.3.4.tgz#1c0e72e46288473cc4a4c6a2dc60fd7fe6020d77"
  integrity sha512-d2JE9RP/6uagpQAVtJoF0pJJA/fgai89Cc50Yp0EJHk+eLp6QQ7gBoblsnubRULNY132I0J1QKMJ+JTbMqz4sw==
  dependencies:
    string.prototype.codepointat "^0.2.1"
    tiny-inflate "^1.0.3"

path-parse@^1.0.7:
  version "1.0.7"
  resolved "https://registry.yarnpkg.com/path-parse/-/path-parse-1.0.7.tgz#fbc114b60ca42b30d9daf5858e4bd68bbedb6735"
  integrity sha512-LDJzPVEEEPR+y48z93A0Ed0yXb8pAByGWo/k5YYdYgpY2/2EsOsksJrq7lOHxryrVOn1ejG6oAp8ahvOIQD8sw==

picocolors@^1.0.0:
  version "1.0.0"
  resolved "https://registry.yarnpkg.com/picocolors/-/picocolors-1.0.0.tgz#cb5bdc74ff3f51892236eaf79d68bc44564ab81c"
  integrity sha512-1fygroTLlHu66zi26VoTDv8yRgm0Fccecssto+MhsZ0D/DGW2sm8E8AjW7NU5VVTRt5GxbeZ5qBuJr+HyLYkjQ==

postcss@^8.4.20:
  version "8.4.21"
  resolved "https://registry.yarnpkg.com/postcss/-/postcss-8.4.21.tgz#c639b719a57efc3187b13a1d765675485f4134f4"
  integrity sha512-tP7u/Sn/dVxK2NnruI4H9BG+x+Wxz6oeZ1cJ8P6G/PZY0IKk4k/63TDsQf2kQq3+qoJeLm2kIBUNlZe3zgb4Zg==
  dependencies:
    nanoid "^3.3.4"
    picocolors "^1.0.0"
    source-map-js "^1.0.2"

potpack@^1.0.1:
  version "1.0.2"
  resolved "https://registry.yarnpkg.com/potpack/-/potpack-1.0.2.tgz#23b99e64eb74f5741ffe7656b5b5c4ddce8dfc14"
  integrity sha512-choctRBIV9EMT9WGAZHn3V7t0Z2pMQyl0EZE6pFc/6ml3ssw7Dlf/oAOvFwjm1HVsqfQN8GfeFyJ+d8tRzqueQ==

regenerator-runtime@^0.13.11:
  version "0.13.11"
  resolved "https://registry.yarnpkg.com/regenerator-runtime/-/regenerator-runtime-0.13.11.tgz#f6dca3e7ceec20590d07ada785636a90cdca17f9"
  integrity sha512-kY1AZVr2Ra+t+piVaJ4gxaFaReZVH40AKNo7UCX6W+dEwBo/2oZJzqfuN1qLq1oL45o56cPaTXELwrTh8Fpggg==

regexp-to-ast@0.5.0:
  version "0.5.0"
  resolved "https://registry.yarnpkg.com/regexp-to-ast/-/regexp-to-ast-0.5.0.tgz#56c73856bee5e1fef7f73a00f1473452ab712a24"
  integrity sha512-tlbJqcMHnPKI9zSrystikWKwHkBqu2a/Sgw01h3zFjvYrMxEDYHzzoMZnUrbIfpTFEsoRnnviOXNCzFiSc54Qw==

resolve@^1.22.1:
  version "1.22.1"
  resolved "https://registry.yarnpkg.com/resolve/-/resolve-1.22.1.tgz#27cb2ebb53f91abb49470a928bba7558066ac177"
  integrity sha512-nBpuuYuY5jFsli/JIs1oldw6fOQCBioohqWZg/2hiaOybXOft4lonv85uDOKXdf8rhyK159cxU5cDcK/NKk8zw==
  dependencies:
    is-core-module "^2.9.0"
    path-parse "^1.0.7"
    supports-preserve-symlinks-flag "^1.0.0"

rollup@^3.7.0:
  version "3.9.1"
  resolved "https://registry.yarnpkg.com/rollup/-/rollup-3.9.1.tgz#27501d3d026418765fe379d5620d25954ff2a011"
  integrity sha512-GswCYHXftN8ZKGVgQhTFUJB/NBXxrRGgO2NCy6E8s1rwEJ4Q9/VttNqcYfEvx4dTo4j58YqdC3OVztPzlKSX8w==
  optionalDependencies:
    fsevents "~2.3.2"

source-map-js@^1.0.2:
  version "1.0.2"
  resolved "https://registry.yarnpkg.com/source-map-js/-/source-map-js-1.0.2.tgz#adbc361d9c62df380125e7f161f71c826f1e490c"
  integrity sha512-R0XvVJ9WusLiqTCEiGCmICCMplcCkIwwR11mOSD9CR5u+IXYdiseeEuXCVAjS54zqwkLcPNnmU4OeJ6tUrWhDw==

string.prototype.codepointat@^0.2.1:
  version "0.2.1"
  resolved "https://registry.yarnpkg.com/string.prototype.codepointat/-/string.prototype.codepointat-0.2.1.tgz#004ad44c8afc727527b108cd462b4d971cd469bc"
  integrity sha512-2cBVCj6I4IOvEnjgO/hWqXjqBGsY+zwPmHl12Srk9IXSZ56Jwwmy+66XO5Iut/oQVR7t5ihYdLB0GMa4alEUcg==

supports-preserve-symlinks-flag@^1.0.0:
  version "1.0.0"
  resolved "https://registry.yarnpkg.com/supports-preserve-symlinks-flag/-/supports-preserve-symlinks-flag-1.0.0.tgz#6eda4bd344a3c94aea376d4cc31bc77311039e09"
  integrity sha512-ot0WnXS9fgdkgIcePe6RHNk1WA8+muPa6cSjeR3V8K27q9BB1rTE3R1p7Hv0z1ZyAc8s6Vvv8DIyWf681MAt0w==

three-stdlib@^2.21.5:
  version "2.21.5"
  resolved "https://registry.yarnpkg.com/three-stdlib/-/three-stdlib-2.21.5.tgz#d7a8ae6713d6c9193a06f81e181b7f4fcf6f8570"
  integrity sha512-PzlbMFVApPjdFwNoTCnrH6r8J1rQw5Dn40qkHc8P+vVDj1czHOmCduYAA27bYwNNTcd+q3AWE+qutDrvvc5B2g==
  dependencies:
    "@babel/runtime" "^7.16.7"
    "@types/offscreencanvas" "^2019.6.4"
    "@webgpu/glslang" "^0.0.15"
    chevrotain "^10.1.2"
    draco3d "^1.4.1"
    fflate "^0.6.9"
    ktx-parse "^0.4.5"
    mmd-parser "^1.0.4"
    opentype.js "^1.3.3"
    potpack "^1.0.1"
    zstddec "^0.0.2"

three@^0.148.0:
  version "0.148.0"
  resolved "https://registry.yarnpkg.com/three/-/three-0.148.0.tgz#b6f62f9c84227f8d51c151bf17b67984ded8e4d7"
  integrity sha512-8uzVV+qhTPi0bOFs/3te3RW6hb3urL8jYEl6irjCWo/l6sr8MPNMcClFev/MMYeIxr0gmDcoXTy/8LXh/LXkfw==

tiny-inflate@^1.0.3:
  version "1.0.3"
  resolved "https://registry.yarnpkg.com/tiny-inflate/-/tiny-inflate-1.0.3.tgz#122715494913a1805166aaf7c93467933eea26c4"
  integrity sha512-pkY1fj1cKHb2seWDy0B16HeWyczlJA9/WW3u3c4z/NiWDsO3DOU5D7nhTLE9CF0yXv/QZFY7sEJmj24dK+Rrqw==

tweakpane@^3.1.1:
  version "3.1.1"
  resolved "https://registry.yarnpkg.com/tweakpane/-/tweakpane-3.1.1.tgz#d67bc2f6b8758bcb4630a0707f7c21a8ea515439"
  integrity sha512-b9bpZSvG4KLtvSuyP3r20XWztdbzXleXO1RZN5pS4gcVAVesq0+mYz/bylYIckwh/VZjp3f3zUFJSeV2M3eRCw==

typescript@^4.9.3:
  version "4.9.4"
  resolved "https://registry.yarnpkg.com/typescript/-/typescript-4.9.4.tgz#a2a3d2756c079abda241d75f149df9d561091e78"
  integrity sha512-Uz+dTXYzxXXbsFpM86Wh3dKCxrQqUcVMxwU54orwlJjOpO3ao8L7j5lH+dWfTwgCwIuM9GQ2kvVotzYJMXTBZg==

vite@^4.0.0:
  version "4.0.4"
  resolved "https://registry.yarnpkg.com/vite/-/vite-4.0.4.tgz#4612ce0b47bbb233a887a54a4ae0c6e240a0da31"
  integrity sha512-xevPU7M8FU0i/80DMR+YhgrzR5KS2ORy1B4xcX/cXLsvnUWvfHuqMmVU6N0YiJ4JWGRJJsLCgjEzKjG9/GKoSw==
  dependencies:
    esbuild "^0.16.3"
    postcss "^8.4.20"
    resolve "^1.22.1"
    rollup "^3.7.0"
  optionalDependencies:
    fsevents "~2.3.2"

webgl-constants@^1.1.1:
  version "1.1.1"
  resolved "https://registry.yarnpkg.com/webgl-constants/-/webgl-constants-1.1.1.tgz#f9633ee87fea56647a60b9ce735cbdfb891c6855"
  integrity sha512-LkBXKjU5r9vAW7Gcu3T5u+5cvSvh5WwINdr0C+9jpzVB41cjQAP5ePArDtk/WHYdVj0GefCgM73BA7FlIiNtdg==

zstddec@^0.0.2:
  version "0.0.2"
  resolved "https://registry.yarnpkg.com/zstddec/-/zstddec-0.0.2.tgz#57e2f28dd1ff56b750e07d158a43f0611ad9eeb4"
  integrity sha512-DCo0oxvcvOTGP/f5FA6tz2Z6wF+FIcEApSTu0zV5sQgn9hoT5lZ9YRAKUraxt9oP7l4e8TnNdi8IZTCX6WCkwA==
